Microsoft Visual Studio Solution File, Format Version 8.00
Project("{8BC9CEB8-8B4A-11D0-8D11-00A0C91BC942}") = "rrd", "rrd.vcproj", "{8DF24CAC-DF33-4131-8584-529054E341B3}"
	ProjectSection(ProjectDependencies) = postProject
	EndProjectSection
EndProject
Project("{8BC9CEB8-8B4A-11D0-8D11-00A0C91BC942}") = "rrdtool", "rrdtool.vcproj", "{3A5A6297-3F61-498A-BA72-66D36144901B}"
	ProjectSection(ProjectDependencies) = postProject
		{8DF24CAC-DF33-4131-8584-529054E341B3} = {8DF24CAC-DF33-4131-8584-529054E341B3}
	EndProjectSection
EndProject
Global
	GlobalSection(SolutionConfiguration) = preSolution
		Debug = Debug
		Release = Release
	EndGlobalSection
	GlobalSection(ProjectConfiguration) = postSolution
		{8DF24CAC-DF33-4131-8584-529054E341B3}.Debug.ActiveCfg = Debug|Win32
		{8DF24CAC-DF33-4131-8584-529054E341B3}.Debug.Build.0 = Debug|Win32
		{8DF24CAC-DF33-4131-8584-529054E341B3}.Release.ActiveCfg = Release|Win32
		{8DF24CAC-DF33-4131-8584-529054E341B3}.Release.Build.0 = Release|Win32
		{3A5A6297-3F61-498A-BA72-66D36144901B}.Debug.ActiveCfg = Debug|Win32
		{3A5A6297-3F61-498A-BA72-66D36144901B}.Debug.Build.0 = Debug|Win32
		{3A5A6297-3F61-498A-BA72-66D36144901B}.Release.ActiveCfg = Release|Win32
		{3A5A6297-3F61-498A-BA72-66D36144901B}.Release.Build.0 = Release|Win32
	EndGlobalSection
	GlobalSection(ExtensibilityGlobals) = postSolution
	EndGlobalSection
	GlobalSection(ExtensibilityAddIns) = postSolution
	EndGlobalSection
EndGlobal
