Microsoft Visual Studio Solution File, Format Version 7.00
Project("{8BC9CEB8-8B4A-11D0-8D11-00A0C91BC942}") = "cgilib", "..\libraries\cgilib-0.4\cgilib.vcproj", "{6FCA5C40-1E61-4300-A1FE-9049431D0C3A}"
EndProject
Project("{8BC9CEB8-8B4A-11D0-8D11-00A0C91BC942}") = "freetype", "..\libraries\freetype-2.0.5\freetype.vcproj", "{007876D2-D817-4538-984E-9B5233A0D5A5}"
EndProject
Project("{8BC9CEB8-8B4A-11D0-8D11-00A0C91BC942}") = "libart", "..\libraries\libart_lgpl-2.3.7\libart.vcproj", "{CB6900E7-9BF3-488E-B6C9-349BC7332963}"
EndProject
Project("{8BC9CEB8-8B4A-11D0-8D11-00A0C91BC942}") = "png", "..\libraries\libpng-1.2.0\png.vcproj", "{8C48C30B-375A-42D6-B149-AFE4C62B1A14}"
EndProject
Project("{8BC9CEB8-8B4A-11D0-8D11-00A0C91BC942}") = "rrd", "rrd.vcproj", "{FB9BF183-F75B-462C-9A5F-988D5E2E1C11}"
EndProject
Project("{8BC9CEB8-8B4A-11D0-8D11-00A0C91BC942}") = "rrd_cgi", "rrd_cgi.vcproj", "{DA26770C-AFF6-450E-93EC-392723C173FC}"
EndProject
Project("{8BC9CEB8-8B4A-11D0-8D11-00A0C91BC942}") = "rrdtool", "rrdtool.vcproj", "{99D7F83E-16F1-4C25-999A-C844E6D2A68B}"
EndProject
Project("{8BC9CEB8-8B4A-11D0-8D11-00A0C91BC942}") = "zlib", "..\libraries\zlib-1.1.4\zlib.vcproj", "{5E240333-1205-4404-98F3-8A4061046DA8}"
EndProject
Global
	GlobalSection(SolutionConfiguration) = preSolution
		ConfigName.0 = Debug
		ConfigName.1 = Release
	EndGlobalSection
	GlobalSection(ProjectDependencies) = postSolution
		{8C48C30B-375A-42D6-B149-AFE4C62B1A14}.0 = {5E240333-1205-4404-98F3-8A4061046DA8}
		{DA26770C-AFF6-450E-93EC-392723C173FC}.0 = {FB9BF183-F75B-462C-9A5F-988D5E2E1C11}
		{DA26770C-AFF6-450E-93EC-392723C173FC}.1 = {6FCA5C40-1E61-4300-A1FE-9049431D0C3A}
		{99D7F83E-16F1-4C25-999A-C844E6D2A68B}.0 = {5E240333-1205-4404-98F3-8A4061046DA8}
		{99D7F83E-16F1-4C25-999A-C844E6D2A68B}.1 = {8C48C30B-375A-42D6-B149-AFE4C62B1A14}
		{99D7F83E-16F1-4C25-999A-C844E6D2A68B}.2 = {CB6900E7-9BF3-488E-B6C9-349BC7332963}
		{99D7F83E-16F1-4C25-999A-C844E6D2A68B}.3 = {007876D2-D817-4538-984E-9B5233A0D5A5}
		{99D7F83E-16F1-4C25-999A-C844E6D2A68B}.4 = {FB9BF183-F75B-462C-9A5F-988D5E2E1C11}
	EndGlobalSection
	GlobalSection(ProjectConfiguration) = postSolution
		{6FCA5C40-1E61-4300-A1FE-9049431D0C3A}.Debug.ActiveCfg = Debug|Win32
		{6FCA5C40-1E61-4300-A1FE-9049431D0C3A}.Debug.Build.0 = Debug|Win32
		{6FCA5C40-1E61-4300-A1FE-9049431D0C3A}.Release.ActiveCfg = Release|Win32
		{6FCA5C40-1E61-4300-A1FE-9049431D0C3A}.Release.Build.0 = Release|Win32
		{007876D2-D817-4538-984E-9B5233A0D5A5}.Debug.ActiveCfg = Debug|Win32
		{007876D2-D817-4538-984E-9B5233A0D5A5}.Debug.Build.0 = Debug|Win32
		{007876D2-D817-4538-984E-9B5233A0D5A5}.Release.ActiveCfg = Release|Win32
		{007876D2-D817-4538-984E-9B5233A0D5A5}.Release.Build.0 = Release|Win32
		{CB6900E7-9BF3-488E-B6C9-349BC7332963}.Debug.ActiveCfg = Debug|Win32
		{CB6900E7-9BF3-488E-B6C9-349BC7332963}.Debug.Build.0 = Debug|Win32
		{CB6900E7-9BF3-488E-B6C9-349BC7332963}.Release.ActiveCfg = Release|Win32
		{CB6900E7-9BF3-488E-B6C9-349BC7332963}.Release.Build.0 = Release|Win32
		{8C48C30B-375A-42D6-B149-AFE4C62B1A14}.Debug.ActiveCfg = Debug|Win32
		{8C48C30B-375A-42D6-B149-AFE4C62B1A14}.Debug.Build.0 = Debug|Win32
		{8C48C30B-375A-42D6-B149-AFE4C62B1A14}.Release.ActiveCfg = Release|Win32
		{8C48C30B-375A-42D6-B149-AFE4C62B1A14}.Release.Build.0 = Release|Win32
		{FB9BF183-F75B-462C-9A5F-988D5E2E1C11}.Debug.ActiveCfg = Debug|Win32
		{FB9BF183-F75B-462C-9A5F-988D5E2E1C11}.Debug.Build.0 = Debug|Win32
		{FB9BF183-F75B-462C-9A5F-988D5E2E1C11}.Release.ActiveCfg = Release|Win32
		{FB9BF183-F75B-462C-9A5F-988D5E2E1C11}.Release.Build.0 = Release|Win32
		{DA26770C-AFF6-450E-93EC-392723C173FC}.Debug.ActiveCfg = Debug|Win32
		{DA26770C-AFF6-450E-93EC-392723C173FC}.Debug.Build.0 = Debug|Win32
		{DA26770C-AFF6-450E-93EC-392723C173FC}.Release.ActiveCfg = Release|Win32
		{DA26770C-AFF6-450E-93EC-392723C173FC}.Release.Build.0 = Release|Win32
		{99D7F83E-16F1-4C25-999A-C844E6D2A68B}.Debug.ActiveCfg = Debug|Win32
		{99D7F83E-16F1-4C25-999A-C844E6D2A68B}.Debug.Build.0 = Debug|Win32
		{99D7F83E-16F1-4C25-999A-C844E6D2A68B}.Release.ActiveCfg = Release|Win32
		{99D7F83E-16F1-4C25-999A-C844E6D2A68B}.Release.Build.0 = Release|Win32
		{5E240333-1205-4404-98F3-8A4061046DA8}.Debug.ActiveCfg = Debug|Win32
		{5E240333-1205-4404-98F3-8A4061046DA8}.Debug.Build.0 = Debug|Win32
		{5E240333-1205-4404-98F3-8A4061046DA8}.Release.ActiveCfg = Release|Win32
		{5E240333-1205-4404-98F3-8A4061046DA8}.Release.Build.0 = Release|Win32
	EndGlobalSection
	GlobalSection(ExtensibilityGlobals) = postSolution
	EndGlobalSection
	GlobalSection(ExtensibilityAddIns) = postSolution
	EndGlobalSection
EndGlobal
